
Microsoft Visual Studio Solution File, Format Version 12.00
# Visual Studio 15
VisualStudioVersion = 15.0.27703.2042
MinimumVisualStudioVersion = 10.0.40219.1
Project("{FAE04EC0-301F-11D3-BF4B-00C04F79EFBC}") = "HajjHackathon", "HajjHackathon\HajjHackathon.csproj", "{28A416E2-7626-418F-AEB9-A57005E63F9A}"
EndProject
Project("{E53339B2-1760-4266-BCC7-CA923CBCF16C}") = "docker-compose", "docker-compose.dcproj", "{C6DF1CBC-E5E4-49C0-B656-5B7C9963FCD8}"
EndProject
Project("{2150E333-8FDC-42A3-9474-1A3956D46DE8}") = "Test", "Test", "{5FCDDF3B-D6F0-4996-A5C7-A59F40474E93}"
EndProject
Project("{2150E333-8FDC-42A3-9474-1A3956D46DE8}") = "Src", "Src", "{756CF1E4-B934-48DC-B2BC-72D92CA10A10}"
EndProject
Project("{2150E333-8FDC-42A3-9474-1A3956D46DE8}") = "Solution Items", "Solution Items", "{E983FF6A-7D68-4651-8675-A3904AEDF1EF}"
EndProject
Project("{2150E333-8FDC-42A3-9474-1A3956D46DE8}") = "BuildinBlocks", "BuildinBlocks", "{35AEE8D8-01FE-4486-9D62-B3E21BD75CDE}"
EndProject
Project("{2150E333-8FDC-42A3-9474-1A3956D46DE8}") = "Services", "Services", "{7E0F299F-E814-45E2-9FC8-9F9302CFF6D8}"
EndProject
Project("{2150E333-8FDC-42A3-9474-1A3956D46DE8}") = "WebApps", "WebApps", "{4FD4F20A-532F-4476-9ECE-511F6E49D249}"
EndProject
Project("{FAE04EC0-301F-11D3-BF4B-00C04F79EFBC}") = "HajjWebMVC", "HajjWebMVC\HajjWebMVC.csproj", "{0C349267-A933-4574-B978-4260E534E102}"
EndProject
Project("{2150E333-8FDC-42A3-9474-1A3956D46DE8}") = "Travel", "Travel", "{E0879C3F-FB9A-42A5-B6E1-5867BA39D2E9}"
EndProject
Project("{2150E333-8FDC-42A3-9474-1A3956D46DE8}") = "Accomodation", "Accomodation", "{7A052D67-ACB2-4592-9248-E7AB940C6384}"
EndProject
Project("{2150E333-8FDC-42A3-9474-1A3956D46DE8}") = "Communications", "Communications", "{B962C6C5-3666-4D83-8587-A2B92650E849}"
EndProject
Project("{2150E333-8FDC-42A3-9474-1A3956D46DE8}") = "Housing", "Housing", "{E6B2C956-0A57-4A75-BE8A-0804E27A793E}"
EndProject
Project("{2150E333-8FDC-42A3-9474-1A3956D46DE8}") = "Transportation", "Transportation", "{0C9227A0-14D9-4509-A43B-D74308AF6A6A}"
EndProject
Project("{FAE04EC0-301F-11D3-BF4B-00C04F79EFBC}") = "Accomodation.API", "Accomodation.API\Accomodation.API.csproj", "{4C76AFC3-EDA1-40E0-8CD4-4F174A1A84AB}"
EndProject
Project("{FAE04EC0-301F-11D3-BF4B-00C04F79EFBC}") = "Communications.API", "Communications.API\Communications.API.csproj", "{46D31A98-B193-4AA6-9266-776188D2830F}"
EndProject
Project("{FAE04EC0-301F-11D3-BF4B-00C04F79EFBC}") = "Housing.API", "Housing.API\Housing.API.csproj", "{52039A9D-2C19-4727-B41B-64C060DDD2A0}"
EndProject
Project("{FAE04EC0-301F-11D3-BF4B-00C04F79EFBC}") = "Transportation.API", "Transportation.API\Transportation.API.csproj", "{5DEA0F13-859F-474F-903A-FA587ADF6E25}"
EndProject
Project("{FAE04EC0-301F-11D3-BF4B-00C04F79EFBC}") = "Travel.API", "Travel.API\Travel.API.csproj", "{D22BD1D6-3D8D-493A-BB08-C394816F5ED8}"
EndProject
Project("{FAE04EC0-301F-11D3-BF4B-00C04F79EFBC}") = "HajjEventBus", "HajjEventBus\HajjEventBus.csproj", "{B294A5DC-2E7A-4D35-80E2-59829C735C2E}"
EndProject
Project("{FAE04EC0-301F-11D3-BF4B-00C04F79EFBC}") = "HajjEventBusRabbitMQ", "HajjEventBusRabbitMQ\HajjEventBusRabbitMQ.csproj", "{07623B09-F19A-44A2-8179-3289FEDD7661}"
EndProject
Project("{FAE04EC0-301F-11D3-BF4B-00C04F79EFBC}") = "HajjEventBusServiceBus", "EventBusServiceBus\HajjEventBusServiceBus.csproj", "{B88A9E9E-E37C-4412-81CB-A3CA56003BF4}"
EndProject
Project("{FAE04EC0-301F-11D3-BF4B-00C04F79EFBC}") = "HajjIntegrationEventLogEF", "HajjIntegrationEventLogEF\HajjIntegrationEventLogEF.csproj", "{B75FDE6D-9E2F-495B-85A8-C6D9233B5C0D}"
EndProject
Project("{2150E333-8FDC-42A3-9474-1A3956D46DE8}") = "ServicesTests", "ServicesTests", "{3977C38B-9D8E-40BF-A8CF-4BA4B11B4E08}"
EndProject
Global
	GlobalSection(SolutionConfigurationPlatforms) = preSolution
		Debug|Any CPU = Debug|Any CPU
		Release|Any CPU = Release|Any CPU
	EndGlobalSection
	GlobalSection(ProjectConfigurationPlatforms) = postSolution
		{28A416E2-7626-418F-AEB9-A57005E63F9A}.Debug|Any CPU.ActiveCfg = Debug|Any CPU
		{28A416E2-7626-418F-AEB9-A57005E63F9A}.Debug|Any CPU.Build.0 = Debug|Any CPU
		{28A416E2-7626-418F-AEB9-A57005E63F9A}.Release|Any CPU.ActiveCfg = Release|Any CPU
		{28A416E2-7626-418F-AEB9-A57005E63F9A}.Release|Any CPU.Build.0 = Release|Any CPU
		{C6DF1CBC-E5E4-49C0-B656-5B7C9963FCD8}.Debug|Any CPU.ActiveCfg = Debug|Any CPU
		{C6DF1CBC-E5E4-49C0-B656-5B7C9963FCD8}.Debug|Any CPU.Build.0 = Debug|Any CPU
		{C6DF1CBC-E5E4-49C0-B656-5B7C9963FCD8}.Release|Any CPU.ActiveCfg = Release|Any CPU
		{C6DF1CBC-E5E4-49C0-B656-5B7C9963FCD8}.Release|Any CPU.Build.0 = Release|Any CPU
		{0C349267-A933-4574-B978-4260E534E102}.Debug|Any CPU.ActiveCfg = Debug|Any CPU
		{0C349267-A933-4574-B978-4260E534E102}.Debug|Any CPU.Build.0 = Debug|Any CPU
		{0C349267-A933-4574-B978-4260E534E102}.Release|Any CPU.ActiveCfg = Release|Any CPU
		{0C349267-A933-4574-B978-4260E534E102}.Release|Any CPU.Build.0 = Release|Any CPU
		{4C76AFC3-EDA1-40E0-8CD4-4F174A1A84AB}.Debug|Any CPU.ActiveCfg = Debug|Any CPU
		{4C76AFC3-EDA1-40E0-8CD4-4F174A1A84AB}.Debug|Any CPU.Build.0 = Debug|Any CPU
		{4C76AFC3-EDA1-40E0-8CD4-4F174A1A84AB}.Release|Any CPU.ActiveCfg = Release|Any CPU
		{4C76AFC3-EDA1-40E0-8CD4-4F174A1A84AB}.Release|Any CPU.Build.0 = Release|Any CPU
		{46D31A98-B193-4AA6-9266-776188D2830F}.Debug|Any CPU.ActiveCfg = Debug|Any CPU
		{46D31A98-B193-4AA6-9266-776188D2830F}.Debug|Any CPU.Build.0 = Debug|Any CPU
		{46D31A98-B193-4AA6-9266-776188D2830F}.Release|Any CPU.ActiveCfg = Release|Any CPU
		{46D31A98-B193-4AA6-9266-776188D2830F}.Release|Any CPU.Build.0 = Release|Any CPU
		{52039A9D-2C19-4727-B41B-64C060DDD2A0}.Debug|Any CPU.ActiveCfg = Debug|Any CPU
		{52039A9D-2C19-4727-B41B-64C060DDD2A0}.Debug|Any CPU.Build.0 = Debug|Any CPU
		{52039A9D-2C19-4727-B41B-64C060DDD2A0}.Release|Any CPU.ActiveCfg = Release|Any CPU
		{52039A9D-2C19-4727-B41B-64C060DDD2A0}.Release|Any CPU.Build.0 = Release|Any CPU
		{5DEA0F13-859F-474F-903A-FA587ADF6E25}.Debug|Any CPU.ActiveCfg = Debug|Any CPU
		{5DEA0F13-859F-474F-903A-FA587ADF6E25}.Debug|Any CPU.Build.0 = Debug|Any CPU
		{5DEA0F13-859F-474F-903A-FA587ADF6E25}.Release|Any CPU.ActiveCfg = Release|Any CPU
		{5DEA0F13-859F-474F-903A-FA587ADF6E25}.Release|Any CPU.Build.0 = Release|Any CPU
		{D22BD1D6-3D8D-493A-BB08-C394816F5ED8}.Debug|Any CPU.ActiveCfg = Debug|Any CPU
		{D22BD1D6-3D8D-493A-BB08-C394816F5ED8}.Debug|Any CPU.Build.0 = Debug|Any CPU
		{D22BD1D6-3D8D-493A-BB08-C394816F5ED8}.Release|Any CPU.ActiveCfg = Release|Any CPU
		{D22BD1D6-3D8D-493A-BB08-C394816F5ED8}.Release|Any CPU.Build.0 = Release|Any CPU
		{B294A5DC-2E7A-4D35-80E2-59829C735C2E}.Debug|Any CPU.ActiveCfg = Debug|Any CPU
		{B294A5DC-2E7A-4D35-80E2-59829C735C2E}.Debug|Any CPU.Build.0 = Debug|Any CPU
		{B294A5DC-2E7A-4D35-80E2-59829C735C2E}.Release|Any CPU.ActiveCfg = Release|Any CPU
		{B294A5DC-2E7A-4D35-80E2-59829C735C2E}.Release|Any CPU.Build.0 = Release|Any CPU
		{07623B09-F19A-44A2-8179-3289FEDD7661}.Debug|Any CPU.ActiveCfg = Debug|Any CPU
		{07623B09-F19A-44A2-8179-3289FEDD7661}.Debug|Any CPU.Build.0 = Debug|Any CPU
		{07623B09-F19A-44A2-8179-3289FEDD7661}.Release|Any CPU.ActiveCfg = Release|Any CPU
		{07623B09-F19A-44A2-8179-3289FEDD7661}.Release|Any CPU.Build.0 = Release|Any CPU
		{B88A9E9E-E37C-4412-81CB-A3CA56003BF4}.Debug|Any CPU.ActiveCfg = Debug|Any CPU
		{B88A9E9E-E37C-4412-81CB-A3CA56003BF4}.Debug|Any CPU.Build.0 = Debug|Any CPU
		{B88A9E9E-E37C-4412-81CB-A3CA56003BF4}.Release|Any CPU.ActiveCfg = Release|Any CPU
		{B88A9E9E-E37C-4412-81CB-A3CA56003BF4}.Release|Any CPU.Build.0 = Release|Any CPU
		{B75FDE6D-9E2F-495B-85A8-C6D9233B5C0D}.Debug|Any CPU.ActiveCfg = Debug|Any CPU
		{B75FDE6D-9E2F-495B-85A8-C6D9233B5C0D}.Debug|Any CPU.Build.0 = Debug|Any CPU
		{B75FDE6D-9E2F-495B-85A8-C6D9233B5C0D}.Release|Any CPU.ActiveCfg = Release|Any CPU
		{B75FDE6D-9E2F-495B-85A8-C6D9233B5C0D}.Release|Any CPU.Build.0 = Release|Any CPU
	EndGlobalSection
	GlobalSection(SolutionProperties) = preSolution
		HideSolutionNode = FALSE
	EndGlobalSection
	GlobalSection(NestedProjects) = preSolution
		{35AEE8D8-01FE-4486-9D62-B3E21BD75CDE} = {756CF1E4-B934-48DC-B2BC-72D92CA10A10}
		{7E0F299F-E814-45E2-9FC8-9F9302CFF6D8} = {756CF1E4-B934-48DC-B2BC-72D92CA10A10}
		{4FD4F20A-532F-4476-9ECE-511F6E49D249} = {756CF1E4-B934-48DC-B2BC-72D92CA10A10}
		{0C349267-A933-4574-B978-4260E534E102} = {4FD4F20A-532F-4476-9ECE-511F6E49D249}
		{E0879C3F-FB9A-42A5-B6E1-5867BA39D2E9} = {7E0F299F-E814-45E2-9FC8-9F9302CFF6D8}
		{7A052D67-ACB2-4592-9248-E7AB940C6384} = {7E0F299F-E814-45E2-9FC8-9F9302CFF6D8}
		{B962C6C5-3666-4D83-8587-A2B92650E849} = {7E0F299F-E814-45E2-9FC8-9F9302CFF6D8}
		{E6B2C956-0A57-4A75-BE8A-0804E27A793E} = {7E0F299F-E814-45E2-9FC8-9F9302CFF6D8}
		{0C9227A0-14D9-4509-A43B-D74308AF6A6A} = {7E0F299F-E814-45E2-9FC8-9F9302CFF6D8}
		{4C76AFC3-EDA1-40E0-8CD4-4F174A1A84AB} = {7A052D67-ACB2-4592-9248-E7AB940C6384}
		{46D31A98-B193-4AA6-9266-776188D2830F} = {B962C6C5-3666-4D83-8587-A2B92650E849}
		{52039A9D-2C19-4727-B41B-64C060DDD2A0} = {E6B2C956-0A57-4A75-BE8A-0804E27A793E}
		{5DEA0F13-859F-474F-903A-FA587ADF6E25} = {0C9227A0-14D9-4509-A43B-D74308AF6A6A}
		{D22BD1D6-3D8D-493A-BB08-C394816F5ED8} = {E0879C3F-FB9A-42A5-B6E1-5867BA39D2E9}
		{B294A5DC-2E7A-4D35-80E2-59829C735C2E} = {35AEE8D8-01FE-4486-9D62-B3E21BD75CDE}
		{07623B09-F19A-44A2-8179-3289FEDD7661} = {35AEE8D8-01FE-4486-9D62-B3E21BD75CDE}
		{B88A9E9E-E37C-4412-81CB-A3CA56003BF4} = {35AEE8D8-01FE-4486-9D62-B3E21BD75CDE}
		{B75FDE6D-9E2F-495B-85A8-C6D9233B5C0D} = {35AEE8D8-01FE-4486-9D62-B3E21BD75CDE}
		{3977C38B-9D8E-40BF-A8CF-4BA4B11B4E08} = {5FCDDF3B-D6F0-4996-A5C7-A59F40474E93}
	EndGlobalSection
	GlobalSection(ExtensibilityGlobals) = postSolution
		SolutionGuid = {491E00CC-D16D-4921-A9D3-F737C5EA4E85}
	EndGlobalSection
EndGlobal
